// !$*UTF8*$!
{
	archiveVersion = 1;
	classes = {
	};
	objectVersion = 50;
	objects = {

/* Begin PBXBuildFile section */
		1904C28B256CD82E00D4E69E /* AppDelegate.swift in Sources */ = {isa = PBXBuildFile; fileRef = 1904C28A256CD82E00D4E69E /* AppDelegate.swift */; };
		1904C28F256CD82E00D4E69E /* ScannerViewController.swift in Sources */ = {isa = PBXBuildFile; fileRef = 1904C28E256CD82E00D4E69E /* ScannerViewController.swift */; };
		1904C294256CD83000D4E69E /* Assets.xcassets in Resources */ = {isa = PBXBuildFile; fileRef = 1904C293256CD83000D4E69E /* Assets.xcassets */; };
		1904C297256CD83000D4E69E /* LaunchScreen.storyboard in Resources */ = {isa = PBXBuildFile; fileRef = 1904C295256CD83000D4E69E /* LaunchScreen.storyboard */; };
		1904C2A1256CD98A00D4E69E /* Book.swift in Sources */ = {isa = PBXBuildFile; fileRef = 1904C2A0256CD98A00D4E69E /* Book.swift */; };
		1904C2A4256CD9F000D4E69E /* API.swift in Sources */ = {isa = PBXBuildFile; fileRef = 1904C2A3256CD9F000D4E69E /* API.swift */; };
		1904C2A7256CEDD500D4E69E /* ListViewController.swift in Sources */ = {isa = PBXBuildFile; fileRef = 1904C2A6256CEDD500D4E69E /* ListViewController.swift */; };
/* End PBXBuildFile section */

/* Begin PBXFileReference section */
		1904C287256CD82E00D4E69E /* Vellum.app */ = {isa = PBXFileReference; explicitFileType = wrapper.application; includeInIndex = 0; path = Vellum.app; sourceTree = BUILT_PRODUCTS_DIR; };
		1904C28A256CD82E00D4E69E /* AppDelegate.swift */ = {isa = PBXFileReference; lastKnownFileType = sourcecode.swift; path = AppDelegate.swift; sourceTree = "<group>"; };
		1904C28E256CD82E00D4E69E /* ScannerViewController.swift */ = {isa = PBXFileReference; lastKnownFileType = sourcecode.swift; path = ScannerViewController.swift; sourceTree = "<group>"; };
		1904C293256CD83000D4E69E /* Assets.xcassets */ = {isa = PBXFileReference; lastKnownFileType = folder.assetcatalog; path = Assets.xcassets; sourceTree = "<group>"; };
		1904C296256CD83000D4E69E /* Base */ = {isa = PBXFileReference; lastKnownFileType = file.storyboard; name = Base; path = Base.lproj/LaunchScreen.storyboard; sourceTree = "<group>"; };
		1904C298256CD83000D4E69E /* Info.plist */ = {isa = PBXFileReference; lastKnownFileType = text.plist.xml; path = Info.plist; sourceTree = "<group>"; };
		1904C2A0256CD98A00D4E69E /* Book.swift */ = {isa = PBXFileReference; lastKnownFileType = sourcecode.swift; path = Book.swift; sourceTree = "<group>"; };
		1904C2A3256CD9F000D4E69E /* API.swift */ = {isa = PBXFileReference; lastKnownFileType = sourcecode.swift; path = API.swift; sourceTree = "<group>"; };
		1904C2A6256CEDD500D4E69E /* ListViewController.swift */ = {isa = PBXFileReference; lastKnownFileType = sourcecode.swift; path = ListViewController.swift; sourceTree = "<group>"; };
/* End PBXFileReference section */

/* Begin PBXFrameworksBuildPhase section */
		1904C284256CD82E00D4E69E /* Frameworks */ = {
			isa = PBXFrameworksBuildPhase;
			buildActionMask = 2147483647;
			files = (
			);
			runOnlyForDeploymentPostprocessing = 0;
		};
/* End PBXFrameworksBuildPhase section */

/* Begin PBXGroup section */
		1904C27E256CD82E00D4E69E = {
			isa = PBXGroup;
			children = (
				1904C289256CD82E00D4E69E /* Vellum */,
				1904C288256CD82E00D4E69E /* Products */,
			);
			sourceTree = "<group>";
		};
		1904C288256CD82E00D4E69E /* Products */ = {
			isa = PBXGroup;
			children = (
				1904C287256CD82E00D4E69E /* Vellum.app */,
			);
			name = Products;
			sourceTree = "<group>";
		};
		1904C289256CD82E00D4E69E /* Vellum */ = {
			isa = PBXGroup;
			children = (
				1904C28A256CD82E00D4E69E /* AppDelegate.swift */,
				1904C2A6256CEDD500D4E69E /* ListViewController.swift */,
				1904C28E256CD82E00D4E69E /* ScannerViewController.swift */,
				1904C2A3256CD9F000D4E69E /* API.swift */,
				1904C2A0256CD98A00D4E69E /* Book.swift */,
				1904C293256CD83000D4E69E /* Assets.xcassets */,
				1904C295256CD83000D4E69E /* LaunchScreen.storyboard */,
				1904C298256CD83000D4E69E /* Info.plist */,
			);
			path = Vellum;
			sourceTree = "<group>";
		};
/* End PBXGroup section */

/* Begin PBXNativeTarget section */
		1904C286256CD82E00D4E69E /* Vellum */ = {
			isa = PBXNativeTarget;
			buildConfigurationList = 1904C29B256CD83000D4E69E /* Build configuration list for PBXNativeTarget "Vellum" */;
			buildPhases = (
				1904C283256CD82E00D4E69E /* Sources */,
				1904C284256CD82E00D4E69E /* Frameworks */,
				1904C285256CD82E00D4E69E /* Resources */,
			);
			buildRules = (
			);
			dependencies = (
			);
			name = Vellum;
			productName = Vellum;
			productReference = 1904C287256CD82E00D4E69E /* Vellum.app */;
			productType = "com.apple.product-type.application";
		};
/* End PBXNativeTarget section */

/* Begin PBXProject section */
		1904C27F256CD82E00D4E69E /* Project object */ = {
			isa = PBXProject;
			attributes = {
				LastSwiftUpdateCheck = 1220;
				LastUpgradeCheck = 1220;
				TargetAttributes = {
					1904C286256CD82E00D4E69E = {
						CreatedOnToolsVersion = 12.2;
					};
				};
			};
			buildConfigurationList = 1904C282256CD82E00D4E69E /* Build configuration list for PBXProject "Vellum" */;
			compatibilityVersion = "Xcode 9.3";
			developmentRegion = en;
			hasScannedForEncodings = 0;
			knownRegions = (
				en,
				Base,
			);
			mainGroup = 1904C27E256CD82E00D4E69E;
			productRefGroup = 1904C288256CD82E00D4E69E /* Products */;
			projectDirPath = "";
			projectRoot = "";
			targets = (
				1904C286256CD82E00D4E69E /* Vellum */,
			);
		};
/* End PBXProject section */

/* Begin PBXResourcesBuildPhase section */
		1904C285256CD82E00D4E69E /* Resources */ = {
			isa = PBXResourcesBuildPhase;
			buildActionMask = 2147483647;
			files = (
				1904C297256CD83000D4E69E /* LaunchScreen.storyboard in Resources */,
				1904C294256CD83000D4E69E /* Assets.xcassets in Resources */,
			);
			runOnlyForDeploymentPostprocessing = 0;
		};
/* End PBXResourcesBuildPhase section */

/* Begin PBXSourcesBuildPhase section */
		1904C283256CD82E00D4E69E /* Sources */ = {
			isa = PBXSourcesBuildPhase;
			buildActionMask = 2147483647;
			files = (
				1904C2A1256CD98A00D4E69E /* Book.swift in Sources */,
				1904C28F256CD82E00D4E69E /* ScannerViewController.swift in Sources */,
				1904C2A7256CEDD500D4E69E /* ListViewController.swift in Sources */,
				1904C28B256CD82E00D4E69E /* AppDelegate.swift in Sources */,
				1904C2A4256CD9F000D4E69E /* API.swift in Sources */,
			);
			runOnlyForDeploymentPostprocessing = 0;
		};
/* End PBXSourcesBuildPhase section */

/* Begin PBXVariantGroup section */
		1904C295256CD83000D4E69E /* LaunchScreen.storyboard */ = {
			isa = PBXVariantGroup;
			children = (
				1904C296256CD83000D4E69E /* Base */,
			);
			name = LaunchScreen.storyboard;
			sourceTree = "<group>";
		};
/* End PBXVariantGroup section */

/* Begin XCBuildConfiguration section */
		1904C299256CD83000D4E69E /* Debug */ = {
			isa = XCBuildConfiguration;
			buildSettings = {
				ALWAYS_SEARCH_USER_PATHS = NO;
				CLANG_ANALYZER_NONNULL = YES;
				CLANG_ANALYZER_NUMBER_OBJECT_CONVERSION = YES_AGGRESSIVE;
				CLANG_CXX_LANGUAGE_STANDARD = "gnu++14";
				CLANG_CXX_LIBRARY = "libc++";
				CLANG_ENABLE_MODULES = YES;
				CLANG_ENABLE_OBJC_ARC = YES;
				CLANG_ENABLE_OBJC_WEAK = YES;
				CLANG_WARN_BLOCK_CAPTURE_AUTORELEASING = YES;
				CLANG_WARN_BOOL_CONVERSION = YES;
				CLANG_WARN_COMMA = YES;
				CLANG_WARN_CONSTANT_CONVERSION = YES;
				CLANG_WARN_DEPRECATED_OBJC_IMPLEMENTATIONS = YES;
				CLANG_WARN_DIRECT_OBJC_ISA_USAGE = YES_ERROR;
				CLANG_WARN_DOCUMENTATION_COMMENTS = YES;
				CLANG_WARN_EMPTY_BODY = YES;
				CLANG_WARN_ENUM_CONVERSION = YES;
				CLANG_WARN_INFINITE_RECURSION = YES;
				CLANG_WARN_INT_CONVERSION = YES;
				CLANG_WARN_NON_LITERAL_NULL_CONVERSION = YES;
				CLANG_WARN_OBJC_IMPLICIT_RETAIN_SELF = YES;
				CLANG_WARN_OBJC_LITERAL_CONVERSION = YES;
				CLANG_WARN_OBJC_ROOT_CLASS = YES_ERROR;
				CLANG_WARN_QUOTED_INCLUDE_IN_FRAMEWORK_HEADER = YES;
				CLANG_WARN_RANGE_LOOP_ANALYSIS = YES;
				CLANG_WARN_STRICT_PROTOTYPES = YES;
				CLANG_WARN_SUSPICIOUS_MOVE = YES;
				CLANG_WARN_UNGUARDED_AVAILABILITY = YES_AGGRESSIVE;
				CLANG_WARN_UNREACHABLE_CODE = YES;
				CLANG_WARN__DUPLICATE_METHOD_MATCH = YES;
				COPY_PHASE_STRIP = NO;
				DEBUG_INFORMATION_FORMAT = dwarf;
				ENABLE_STRICT_OBJC_MSGSEND = YES;
				ENABLE_TESTABILITY = YES;
				GCC_C_LANGUAGE_STANDARD = gnu11;
				GCC_DYNAMIC_NO_PIC = NO;
				GCC_NO_COMMON_BLOCKS = YES;
				GCC_OPTIMIZATION_LEVEL = 0;
				GCC_PREPROCESSOR_DEFINITIONS = (
					"DEBUG=1",
					"$(inherited)",
				);
				GCC_WARN_64_TO_32_BIT_CONVERSION = YES;
				GCC_WARN_ABOUT_RETURN_TYPE = YES_ERROR;
				GCC_WARN_UNDECLARED_SELECTOR = YES;
				GCC_WARN_UNINITIALIZED_AUTOS = YES_AGGRESSIVE;
				GCC_WARN_UNUSED_FUNCTION = YES;
				GCC_WARN_UNUSED_VARIABLE = YES;
				IPHONEOS_DEPLOYMENT_TARGET = 14.2;
				MTL_ENABLE_DEBUG_INFO = INCLUDE_SOURCE;
				MTL_FAST_MATH = YES;
				ONLY_ACTIVE_ARCH = YES;
				SDKROOT = iphoneos;
				SWIFT_ACTIVE_COMPILATION_CONDITIONS = DEBUG;
				SWIFT_OPTIMIZATION_LEVEL = "-Onone";
			};
			name = Debug;
		};
		1904C29A256CD83000D4E69E /* Release */ = {
			isa = XCBuildConfiguration;
			buildSettings = {
				ALWAYS_SEARCH_USER_PATHS = NO;
				CLANG_ANALYZER_NONNULL = YES;
				CLANG_ANALYZER_NUMBER_OBJECT_CONVERSION = YES_AGGRESSIVE;
				CLANG_CXX_LANGUAGE_STANDARD = "gnu++14";
				CLANG_CXX_LIBRARY = "libc++";
				CLANG_ENABLE_MODULES = YES;
				CLANG_ENABLE_OBJC_ARC = YES;
				CLANG_ENABLE_OBJC_WEAK = YES;
				CLANG_WARN_BLOCK_CAPTURE_AUTORELEASING = YES;
				CLANG_WARN_BOOL_CONVERSION = YES;
				CLANG_WARN_COMMA = YES;
				CLANG_WARN_CONSTANT_CONVERSION = YES;
				CLANG_WARN_DEPRECATED_OBJC_IMPLEMENTATIONS = YES;
				CLANG_WARN_DIRECT_OBJC_ISA_USAGE = YES_ERROR;
				CLANG_WARN_DOCUMENTATION_COMMENTS = YES;
				CLANG_WARN_EMPTY_BODY = YES;
				CLANG_WARN_ENUM_CONVERSION = YES;
				CLANG_WARN_INFINITE_RECURSION = YES;
				CLANG_WARN_INT_CONVERSION = YES;
				CLANG_WARN_NON_LITERAL_NULL_CONVERSION = YES;
				CLANG_WARN_OBJC_IMPLICIT_RETAIN_SELF = YES;
				CLANG_WARN_OBJC_LITERAL_CONVERSION = YES;
				CLANG_WARN_OBJC_ROOT_CLASS = YES_ERROR;
				CLANG_WARN_QUOTED_INCLUDE_IN_FRAMEWORK_HEADER = YES;
				CLANG_WARN_RANGE_LOOP_ANALYSIS = YES;
				CLANG_WARN_STRICT_PROTOTYPES = YES;
				CLANG_WARN_SUSPICIOUS_MOVE = YES;
				CLANG_WARN_UNGUARDED_AVAILABILITY = YES_AGGRESSIVE;
				CLANG_WARN_UNREACHABLE_CODE = YES;
				CLANG_WARN__DUPLICATE_METHOD_MATCH = YES;
				COPY_PHASE_STRIP = NO;
				DEBUG_INFORMATION_FORMAT = "dwarf-with-dsym";
				ENABLE_NS_ASSERTIONS = NO;
				ENABLE_STRICT_OBJC_MSGSEND = YES;
				GCC_C_LANGUAGE_STANDARD = gnu11;
				GCC_NO_COMMON_BLOCKS = YES;
				GCC_WARN_64_TO_32_BIT_CONVERSION = YES;
				GCC_WARN_ABOUT_RETURN_TYPE = YES_ERROR;
				GCC_WARN_UNDECLARED_SELECTOR = YES;
				GCC_WARN_UNINITIALIZED_AUTOS = YES_AGGRESSIVE;
				GCC_WARN_UNUSED_FUNCTION = YES;
				GCC_WARN_UNUSED_VARIABLE = YES;
				IPHONEOS_DEPLOYMENT_TARGET = 14.2;
				MTL_ENABLE_DEBUG_INFO = NO;
				MTL_FAST_MATH = YES;
				SDKROOT = iphoneos;
				SWIFT_COMPILATION_MODE = wholemodule;
				SWIFT_OPTIMIZATION_LEVEL = "-O";
				VALIDATE_PRODUCT = YES;
			};
			name = Release;
		};
		1904C29C256CD83000D4E69E /* Debug */ = {
			isa = XCBuildConfiguration;
			buildSettings = {
				ASSETCATALOG_COMPILER_APPICON_NAME = AppIcon;
				ASSETCATALOG_COMPILER_GLOBAL_ACCENT_COLOR_NAME = AccentColor;
				CODE_SIGN_STYLE = Automatic;
				DEVELOPMENT_TEAM = 37EUQ42C7J;
				INFOPLIST_FILE = Vellum/Info.plist;
				LD_RUNPATH_SEARCH_PATHS = (
					"$(inherited)",
					"@executable_path/Frameworks",
				);
				PRODUCT_BUNDLE_IDENTIFIER = net.thisismyinter.Vellum;
				PRODUCT_NAME = "$(TARGET_NAME)";
				SWIFT_VERSION = 5.0;
				TARGETED_DEVICE_FAMILY = "1,2";
			};
			name = Debug;
		};
		1904C29D256CD83000D4E69E /* Release */ = {
			isa = XCBuildConfiguration;
			buildSettings = {
				ASSETCATALOG_COMPILER_APPICON_NAME = AppIcon;
				ASSETCATALOG_COMPILER_GLOBAL_ACCENT_COLOR_NAME = AccentColor;
				CODE_SIGN_STYLE = Automatic;
				DEVELOPMENT_TEAM = 37EUQ42C7J;
				INFOPLIST_FILE = Vellum/Info.plist;
				LD_RUNPATH_SEARCH_PATHS = (
					"$(inherited)",
					"@executable_path/Frameworks",
				);
				PRODUCT_BUNDLE_IDENTIFIER = net.thisismyinter.Vellum;
				PRODUCT_NAME = "$(TARGET_NAME)";
				SWIFT_VERSION = 5.0;
				TARGETED_DEVICE_FAMILY = "1,2";
			};
			name = Release;
		};
/* End XCBuildConfiguration section */

/* Begin XCConfigurationList section */
		1904C282256CD82E00D4E69E /* Build configuration list for PBXProject "Vellum" */ = {
			isa = XCConfigurationList;
			buildConfigurations = (
				1904C299256CD83000D4E69E /* Debug */,
				1904C29A256CD83000D4E69E /* Release */,
			);
			defaultConfigurationIsVisible = 0;
			defaultConfigurationName = Release;
		};
		1904C29B256CD83000D4E69E /* Build configuration list for PBXNativeTarget "Vellum" */ = {
			isa = XCConfigurationList;
			buildConfigurations = (
				1904C29C256CD83000D4E69E /* Debug */,
				1904C29D256CD83000D4E69E /* Release */,
			);
			defaultConfigurationIsVisible = 0;
			defaultConfigurationName = Release;
		};
/* End XCConfigurationList section */
	};
	rootObject = 1904C27F256CD82E00D4E69E /* Project object */;
}
